
Microsoft Visual Studio Solution File, Format Version 12.00
# Visual Studio Version 17
VisualStudioVersion = 17.9.34728.123
MinimumVisualStudioVersion = 10.0.40219.1
Project("{FAE04EC0-301F-11D3-BF4B-00C04F79EFBC}") = "SegundoParcial", "SegundoParcial\SegundoParcial.csproj", "{0D3358A6-593B-44E6-B420-9DA04C7C1504}"
EndProject
Project("{FAE04EC0-301F-11D3-BF4B-00C04F79EFBC}") = "ISegundoParcial", "ISegundoParcial\ISegundoParcial.csproj", "{1C85CC07-6DBE-42C9-A1E9-34EC905646A4}"
EndProject
Project("{FAE04EC0-301F-11D3-BF4B-00C04F79EFBC}") = "Indexer", "Indexer\Indexer.csproj", "{8F9907E6-81E9-4A2C-822C-5E35302AB87D}"
EndProject
Project("{FAE04EC0-301F-11D3-BF4B-00C04F79EFBC}") = "Delegado", "Delegado\Delegado.csproj", "{DF83BD55-8B0D-49B9-B389-4170A00CB603}"
EndProject
Project("{FAE04EC0-301F-11D3-BF4B-00C04F79EFBC}") = "EventosDelegados", "EventosDelegados\EventosDelegados.csproj", "{CFDF56F5-30A8-4ED9-933C-DFE9CFDD3513}"
EndProject
Global
	GlobalSection(SolutionConfigurationPlatforms) = preSolution
		Debug|Any CPU = Debug|Any CPU
		Release|Any CPU = Release|Any CPU
	EndGlobalSection
	GlobalSection(ProjectConfigurationPlatforms) = postSolution
		{0D3358A6-593B-44E6-B420-9DA04C7C1504}.Debug|Any CPU.ActiveCfg = Debug|Any CPU
		{0D3358A6-593B-44E6-B420-9DA04C7C1504}.Debug|Any CPU.Build.0 = Debug|Any CPU
		{0D3358A6-593B-44E6-B420-9DA04C7C1504}.Release|Any CPU.ActiveCfg = Release|Any CPU
		{0D3358A6-593B-44E6-B420-9DA04C7C1504}.Release|Any CPU.Build.0 = Release|Any CPU
		{1C85CC07-6DBE-42C9-A1E9-34EC905646A4}.Debug|Any CPU.ActiveCfg = Debug|Any CPU
		{1C85CC07-6DBE-42C9-A1E9-34EC905646A4}.Debug|Any CPU.Build.0 = Debug|Any CPU
		{1C85CC07-6DBE-42C9-A1E9-34EC905646A4}.Release|Any CPU.ActiveCfg = Release|Any CPU
		{1C85CC07-6DBE-42C9-A1E9-34EC905646A4}.Release|Any CPU.Build.0 = Release|Any CPU
		{8F9907E6-81E9-4A2C-822C-5E35302AB87D}.Debug|Any CPU.ActiveCfg = Debug|Any CPU
		{8F9907E6-81E9-4A2C-822C-5E35302AB87D}.Debug|Any CPU.Build.0 = Debug|Any CPU
		{8F9907E6-81E9-4A2C-822C-5E35302AB87D}.Release|Any CPU.ActiveCfg = Release|Any CPU
		{8F9907E6-81E9-4A2C-822C-5E35302AB87D}.Release|Any CPU.Build.0 = Release|Any CPU
		{DF83BD55-8B0D-49B9-B389-4170A00CB603}.Debug|Any CPU.ActiveCfg = Debug|Any CPU
		{DF83BD55-8B0D-49B9-B389-4170A00CB603}.Debug|Any CPU.Build.0 = Debug|Any CPU
		{DF83BD55-8B0D-49B9-B389-4170A00CB603}.Release|Any CPU.ActiveCfg = Release|Any CPU
		{DF83BD55-8B0D-49B9-B389-4170A00CB603}.Release|Any CPU.Build.0 = Release|Any CPU
		{CFDF56F5-30A8-4ED9-933C-DFE9CFDD3513}.Debug|Any CPU.ActiveCfg = Debug|Any CPU
		{CFDF56F5-30A8-4ED9-933C-DFE9CFDD3513}.Debug|Any CPU.Build.0 = Debug|Any CPU
		{CFDF56F5-30A8-4ED9-933C-DFE9CFDD3513}.Release|Any CPU.ActiveCfg = Release|Any CPU
		{CFDF56F5-30A8-4ED9-933C-DFE9CFDD3513}.Release|Any CPU.Build.0 = Release|Any CPU
	EndGlobalSection
	GlobalSection(SolutionProperties) = preSolution
		HideSolutionNode = FALSE
	EndGlobalSection
	GlobalSection(ExtensibilityGlobals) = postSolution
		SolutionGuid = {1D741A34-21D6-473C-B986-298D34AA5C53}
	EndGlobalSection
EndGlobal
